
Microsoft Visual Studio Solution File, Format Version 12.00
# Visual Studio Version 17
VisualStudioVersion = 17.8.34330.188
MinimumVisualStudioVersion = 10.0.40219.1
Project("{9A19103F-16F7-4668-BE54-9A1E7A4F7556}") = "CatShelter", "CatShelter.csproj", "{AF2156DA-7E0E-4D1C-B4DC-21C7DFBE7AF9}"
EndProject
Project("{2150E333-8FDC-42A3-9474-1A3956D46DE8}") = "Solution Items", "Solution Items", "{D5E9C22C-320B-49B1-8C68-68431CEA68A0}"
	ProjectSection(SolutionItems) = preProject
		README.md = README.md
	EndProjectSection
EndProject
Global
	GlobalSection(SolutionConfigurationPlatforms) = preSolution
		Debug|Any CPU = Debug|Any CPU
		Release|Any CPU = Release|Any CPU
	EndGlobalSection
	GlobalSection(ProjectConfigurationPlatforms) = postSolution
		{AF2156DA-7E0E-4D1C-B4DC-21C7DFBE7AF9}.Debug|Any CPU.ActiveCfg = Debug|Any CPU
		{AF2156DA-7E0E-4D1C-B4DC-21C7DFBE7AF9}.Debug|Any CPU.Build.0 = Debug|Any CPU
		{AF2156DA-7E0E-4D1C-B4DC-21C7DFBE7AF9}.Release|Any CPU.ActiveCfg = Release|Any CPU
		{AF2156DA-7E0E-4D1C-B4DC-21C7DFBE7AF9}.Release|Any CPU.Build.0 = Release|Any CPU
	EndGlobalSection
	GlobalSection(SolutionProperties) = preSolution
		HideSolutionNode = FALSE
	EndGlobalSection
	GlobalSection(ExtensibilityGlobals) = postSolution
		SolutionGuid = {FC70F30F-845C-4632-B418-998712F341BE}
	EndGlobalSection
EndGlobal
